// !$*UTF8*$!
{
	archiveVersion = 1;
	classes = {
	};
	objectVersion = 77;
	objects = {

/* Begin PBXContainerItemProxy section */
		C801CA332D7581D100403DBD /* PBXContainerItemProxy */ = {
			isa = PBXContainerItemProxy;
			containerPortal = C801CA192D7581D000403DBD /* Project object */;
			proxyType = 1;
			remoteGlobalIDString = C801CA202D7581D000403DBD;
			remoteInfo = LIght;
		};
		C801CA3D2D7581D100403DBD /* PBXContainerItemProxy */ = {
			isa = PBXContainerItemProxy;
			containerPortal = C801CA192D7581D000403DBD /* Project object */;
			proxyType = 1;
			remoteGlobalIDString = C801CA202D7581D000403DBD;
			remoteInfo = LIght;
		};
/* End PBXContainerItemProxy section */

/* Begin PBXFileReference section */
		C801CA212D7581D000403DBD /* LIght.app */ = {isa = PBXFileReference; explicitFileType = wrapper.application; includeInIndex = 0; path = LIght.app; sourceTree = BUILT_PRODUCTS_DIR; };
		C801CA322D7581D100403DBD /* LIghtTests.xctest */ = {isa = PBXFileReference; explicitFileType = wrapper.cfbundle; includeInIndex = 0; path = LIghtTests.xctest; sourceTree = BUILT_PRODUCTS_DIR; };
		C801CA3C2D7581D100403DBD /* LIghtUITests.xctest */ = {isa = PBXFileReference; explicitFileType = wrapper.cfbundle; includeInIndex = 0; path = LIghtUITests.xctest; sourceTree = BUILT_PRODUCTS_DIR; };
/* End PBXFileReference section */

/* Begin PBXFileSystemSynchronizedRootGroup section */
		C801CA232D7581D000403DBD /* LIght */ = {
			isa = PBXFileSystemSynchronizedRootGroup;
			path = LIght;
			sourceTree = "<group>";
		};
		C801CA352D7581D100403DBD /* LIghtTests */ = {
			isa = PBXFileSystemSynchronizedRootGroup;
			path = LIghtTests;
			sourceTree = "<group>";
		};
		C801CA3F2D7581D100403DBD /* LIghtUITests */ = {
			isa = PBXFileSystemSynchronizedRootGroup;
			path = LIghtUITests;
			sourceTree = "<group>";
		};
/* End PBXFileSystemSynchronizedRootGroup section */

/* Begin PBXFrameworksBuildPhase section */
		C801CA1E2D7581D000403DBD /* Frameworks */ = {
			isa = PBXFrameworksBuildPhase;
			buildActionMask = 2147483647;
			files = (
			);
			runOnlyForDeploymentPostprocessing = 0;
		};
		C801CA2F2D7581D100403DBD /* Frameworks */ = {
			isa = PBXFrameworksBuildPhase;
			buildActionMask = 2147483647;
			files = (
			);
			runOnlyForDeploymentPostprocessing = 0;
		};
		C801CA392D7581D100403DBD /* Frameworks */ = {
			isa = PBXFrameworksBuildPhase;
			buildActionMask = 2147483647;
			files = (
			);
			runOnlyForDeploymentPostprocessing = 0;
		};
/* End PBXFrameworksBuildPhase section */

/* Begin PBXGroup section */
		C801CA182D7581D000403DBD = {
			isa = PBXGroup;
			children = (
				C801CA232D7581D000403DBD /* LIght */,
				C801CA352D7581D100403DBD /* LIghtTests */,
				C801CA3F2D7581D100403DBD /* LIghtUITests */,
				C801CA222D7581D000403DBD /* Products */,
			);
			sourceTree = "<group>";
		};
		C801CA222D7581D000403DBD /* Products */ = {
			isa = PBXGroup;
			children = (
				C801CA212D7581D000403DBD /* LIght.app */,
				C801CA322D7581D100403DBD /* LIghtTests.xctest */,
				C801CA3C2D7581D100403DBD /* LIghtUITests.xctest */,
			);
			name = Products;
			sourceTree = "<group>";
		};
/* End PBXGroup section */

/* Begin PBXNativeTarget section */
		C801CA202D7581D000403DBD /* LIght */ = {
			isa = PBXNativeTarget;
			buildConfigurationList = C801CA462D7581D100403DBD /* Build configuration list for PBXNativeTarget "LIght" */;
			buildPhases = (
				C801CA1D2D7581D000403DBD /* Sources */,
				C801CA1E2D7581D000403DBD /* Frameworks */,
				C801CA1F2D7581D000403DBD /* Resources */,
			);
			buildRules = (
			);
			dependencies = (
			);
			fileSystemSynchronizedGroups = (
				C801CA232D7581D000403DBD /* LIght */,
			);
			name = LIght;
			packageProductDependencies = (
			);
			productName = LIght;
			productReference = C801CA212D7581D000403DBD /* LIght.app */;
			productType = "com.apple.product-type.application";
		};
		C801CA312D7581D100403DBD /* LIghtTests */ = {
			isa = PBXNativeTarget;
			buildConfigurationList = C801CA492D7581D100403DBD /* Build configuration list for PBXNativeTarget "LIghtTests" */;
			buildPhases = (
				C801CA2E2D7581D100403DBD /* Sources */,
				C801CA2F2D7581D100403DBD /* Frameworks */,
				C801CA302D7581D100403DBD /* Resources */,
			);
			buildRules = (
			);
			dependencies = (
				C801CA342D7581D100403DBD /* PBXTargetDependency */,
			);
			fileSystemSynchronizedGroups = (
				C801CA352D7581D100403DBD /* LIghtTests */,
			);
			name = LIghtTests;
			packageProductDependencies = (
			);
			productName = LIghtTests;
			productReference = C801CA322D7581D100403DBD /* LIghtTests.xctest */;
			productType = "com.apple.product-type.bundle.unit-test";
		};
		C801CA3B2D7581D100403DBD /* LIghtUITests */ = {
			isa = PBXNativeTarget;
			buildConfigurationList = C801CA4C2D7581D100403DBD /* Build configuration list for PBXNativeTarget "LIghtUITests" */;
			buildPhases = (
				C801CA382D7581D100403DBD /* Sources */,
				C801CA392D7581D100403DBD /* Frameworks */,
				C801CA3A2D7581D100403DBD /* Resources */,
			);
			buildRules = (
			);
			dependencies = (
				C801CA3E2D7581D100403DBD /* PBXTargetDependency */,
			);
			fileSystemSynchronizedGroups = (
				C801CA3F2D7581D100403DBD /* LIghtUITests */,
			);
			name = LIghtUITests;
			packageProductDependencies = (
			);
			productName = LIghtUITests;
			productReference = C801CA3C2D7581D100403DBD /* LIghtUITests.xctest */;
			productType = "com.apple.product-type.bundle.ui-testing";
		};
/* End PBXNativeTarget section */

/* Begin PBXProject section */
		C801CA192D7581D000403DBD /* Project object */ = {
			isa = PBXProject;
			attributes = {
				BuildIndependentTargetsInParallel = 1;
				LastSwiftUpdateCheck = 1620;
				LastUpgradeCheck = 1620;
				TargetAttributes = {
					C801CA202D7581D000403DBD = {
						CreatedOnToolsVersion = 16.2;
					};
					C801CA312D7581D100403DBD = {
						CreatedOnToolsVersion = 16.2;
						TestTargetID = C801CA202D7581D000403DBD;
					};
					C801CA3B2D7581D100403DBD = {
						CreatedOnToolsVersion = 16.2;
						TestTargetID = C801CA202D7581D000403DBD;
					};
				};
			};
			buildConfigurationList = C801CA1C2D7581D000403DBD /* Build configuration list for PBXProject "LIght" */;
			developmentRegion = en;
			hasScannedForEncodings = 0;
			knownRegions = (
				en,
				Base,
			);
			mainGroup = C801CA182D7581D000403DBD;
			minimizedProjectReferenceProxies = 1;
			preferredProjectObjectVersion = 77;
			productRefGroup = C801CA222D7581D000403DBD /* Products */;
			projectDirPath = "";
			projectRoot = "";
			targets = (
				C801CA202D7581D000403DBD /* LIght */,
				C801CA312D7581D100403DBD /* LIghtTests */,
				C801CA3B2D7581D100403DBD /* LIghtUITests */,
			);
		};
/* End PBXProject section */

/* Begin PBXResourcesBuildPhase section */
		C801CA1F2D7581D000403DBD /* Resources */ = {
			isa = PBXResourcesBuildPhase;
			buildActionMask = 2147483647;
			files = (
			);
			runOnlyForDeploymentPostprocessing = 0;
		};
		C801CA302D7581D100403DBD /* Resources */ = {
			isa = PBXResourcesBuildPhase;
			buildActionMask = 2147483647;
			files = (
			);
			runOnlyForDeploymentPostprocessing = 0;
		};
		C801CA3A2D7581D100403DBD /* Resources */ = {
			isa = PBXResourcesBuildPhase;
			buildActionMask = 2147483647;
			files = (
			);
			runOnlyForDeploymentPostprocessing = 0;
		};
/* End PBXResourcesBuildPhase section */

/* Begin PBXSourcesBuildPhase section */
		C801CA1D2D7581D000403DBD /* Sources */ = {
			isa = PBXSourcesBuildPhase;
			buildActionMask = 2147483647;
			files = (
			);
			runOnlyForDeploymentPostprocessing = 0;
		};
		C801CA2E2D7581D100403DBD /* Sources */ = {
			isa = PBXSourcesBuildPhase;
			buildActionMask = 2147483647;
			files = (
			);
			runOnlyForDeploymentPostprocessing = 0;
		};
		C801CA382D7581D100403DBD /* Sources */ = {
			isa = PBXSourcesBuildPhase;
			buildActionMask = 2147483647;
			files = (
			);
			runOnlyForDeploymentPostprocessing = 0;
		};
/* End PBXSourcesBuildPhase section */

/* Begin PBXTargetDependency section */
		C801CA342D7581D100403DBD /* PBXTargetDependency */ = {
			isa = PBXTargetDependency;
			target = C801CA202D7581D000403DBD /* LIght */;
			targetProxy = C801CA332D7581D100403DBD /* PBXContainerItemProxy */;
		};
		C801CA3E2D7581D100403DBD /* PBXTargetDependency */ = {
			isa = PBXTargetDependency;
			target = C801CA202D7581D000403DBD /* LIght */;
			targetProxy = C801CA3D2D7581D100403DBD /* PBXContainerItemProxy */;
		};
/* End PBXTargetDependency section */

/* Begin XCBuildConfiguration section */
		C801CA442D7581D100403DBD /* Debug */ = {
			isa = XCBuildConfiguration;
			buildSettings = {
				ALWAYS_SEARCH_USER_PATHS = NO;
				ASSETCATALOG_COMPILER_GENERATE_SWIFT_ASSET_SYMBOL_EXTENSIONS = YES;
				CLANG_ANALYZER_NONNULL = YES;
				CLANG_ANALYZER_NUMBER_OBJECT_CONVERSION = YES_AGGRESSIVE;
				CLANG_CXX_LANGUAGE_STANDARD = "gnu++20";
				CLANG_ENABLE_MODULES = YES;
				CLANG_ENABLE_OBJC_ARC = YES;
				CLANG_ENABLE_OBJC_WEAK = YES;
				CLANG_WARN_BLOCK_CAPTURE_AUTORELEASING = YES;
				CLANG_WARN_BOOL_CONVERSION = YES;
				CLANG_WARN_COMMA = YES;
				CLANG_WARN_CONSTANT_CONVERSION = YES;
				CLANG_WARN_DEPRECATED_OBJC_IMPLEMENTATIONS = YES;
				CLANG_WARN_DIRECT_OBJC_ISA_USAGE = YES_ERROR;
				CLANG_WARN_DOCUMENTATION_COMMENTS = YES;
				CLANG_WARN_EMPTY_BODY = YES;
				CLANG_WARN_ENUM_CONVERSION = YES;
				CLANG_WARN_INFINITE_RECURSION = YES;
				CLANG_WARN_INT_CONVERSION = YES;
				CLANG_WARN_NON_LITERAL_NULL_CONVERSION = YES;
				CLANG_WARN_OBJC_IMPLICIT_RETAIN_SELF = YES;
				CLANG_WARN_OBJC_LITERAL_CONVERSION = YES;
				CLANG_WARN_OBJC_ROOT_CLASS = YES_ERROR;
				CLANG_WARN_QUOTED_INCLUDE_IN_FRAMEWORK_HEADER = YES;
				CLANG_WARN_RANGE_LOOP_ANALYSIS = YES;
				CLANG_WARN_STRICT_PROTOTYPES = YES;
				CLANG_WARN_SUSPICIOUS_MOVE = YES;
				CLANG_WARN_UNGUARDED_AVAILABILITY = YES_AGGRESSIVE;
				CLANG_WARN_UNREACHABLE_CODE = YES;
				CLANG_WARN__DUPLICATE_METHOD_MATCH = YES;
				COPY_PHASE_STRIP = NO;
				DEBUG_INFORMATION_FORMAT = dwarf;
				ENABLE_STRICT_OBJC_MSGSEND = YES;
				ENABLE_TESTABILITY = YES;
				ENABLE_USER_SCRIPT_SANDBOXING = YES;
				GCC_C_LANGUAGE_STANDARD = gnu17;
				GCC_DYNAMIC_NO_PIC = NO;
				GCC_NO_COMMON_BLOCKS = YES;
				GCC_OPTIMIZATION_LEVEL = 0;
				GCC_PREPROCESSOR_DEFINITIONS = (
					"DEBUG=1",
					"$(inherited)",
				);
				GCC_WARN_64_TO_32_BIT_CONVERSION = YES;
				GCC_WARN_ABOUT_RETURN_TYPE = YES_ERROR;
				GCC_WARN_UNDECLARED_SELECTOR = YES;
				GCC_WARN_UNINITIALIZED_AUTOS = YES_AGGRESSIVE;
				GCC_WARN_UNUSED_FUNCTION = YES;
				GCC_WARN_UNUSED_VARIABLE = YES;
				LOCALIZATION_PREFERS_STRING_CATALOGS = YES;
				MACOSX_DEPLOYMENT_TARGET = 15.2;
				MTL_ENABLE_DEBUG_INFO = INCLUDE_SOURCE;
				MTL_FAST_MATH = YES;
				ONLY_ACTIVE_ARCH = YES;
				SDKROOT = macosx;
				SWIFT_ACTIVE_COMPILATION_CONDITIONS = "DEBUG $(inherited)";
				SWIFT_OPTIMIZATION_LEVEL = "-Onone";
			};
			name = Debug;
		};
		C801CA452D7581D100403DBD /* Release */ = {
			isa = XCBuildConfiguration;
			buildSettings = {
				ALWAYS_SEARCH_USER_PATHS = NO;
				ASSETCATALOG_COMPILER_GENERATE_SWIFT_ASSET_SYMBOL_EXTENSIONS = YES;
				CLANG_ANALYZER_NONNULL = YES;
				CLANG_ANALYZER_NUMBER_OBJECT_CONVERSION = YES_AGGRESSIVE;
				CLANG_CXX_LANGUAGE_STANDARD = "gnu++20";
				CLANG_ENABLE_MODULES = YES;
				CLANG_ENABLE_OBJC_ARC = YES;
				CLANG_ENABLE_OBJC_WEAK = YES;
				CLANG_WARN_BLOCK_CAPTURE_AUTORELEASING = YES;
				CLANG_WARN_BOOL_CONVERSION = YES;
				CLANG_WARN_COMMA = YES;
				CLANG_WARN_CONSTANT_CONVERSION = YES;
				CLANG_WARN_DEPRECATED_OBJC_IMPLEMENTATIONS = YES;
				CLANG_WARN_DIRECT_OBJC_ISA_USAGE = YES_ERROR;
				CLANG_WARN_DOCUMENTATION_COMMENTS = YES;
				CLANG_WARN_EMPTY_BODY = YES;
				CLANG_WARN_ENUM_CONVERSION = YES;
				CLANG_WARN_INFINITE_RECURSION = YES;
				CLANG_WARN_INT_CONVERSION = YES;
				CLANG_WARN_NON_LITERAL_NULL_CONVERSION = YES;
				CLANG_WARN_OBJC_IMPLICIT_RETAIN_SELF = YES;
				CLANG_WARN_OBJC_LITERAL_CONVERSION = YES;
				CLANG_WARN_OBJC_ROOT_CLASS = YES_ERROR;
				CLANG_WARN_QUOTED_INCLUDE_IN_FRAMEWORK_HEADER = YES;
				CLANG_WARN_RANGE_LOOP_ANALYSIS = YES;
				CLANG_WARN_STRICT_PROTOTYPES = YES;
				CLANG_WARN_SUSPICIOUS_MOVE = YES;
				CLANG_WARN_UNGUARDED_AVAILABILITY = YES_AGGRESSIVE;
				CLANG_WARN_UNREACHABLE_CODE = YES;
				CLANG_WARN__DUPLICATE_METHOD_MATCH = YES;
				COPY_PHASE_STRIP = NO;
				DEBUG_INFORMATION_FORMAT = "dwarf-with-dsym";
				ENABLE_NS_ASSERTIONS = NO;
				ENABLE_STRICT_OBJC_MSGSEND = YES;
				ENABLE_USER_SCRIPT_SANDBOXING = YES;
				GCC_C_LANGUAGE_STANDARD = gnu17;
				GCC_NO_COMMON_BLOCKS = YES;
				GCC_WARN_64_TO_32_BIT_CONVERSION = YES;
				GCC_WARN_ABOUT_RETURN_TYPE = YES_ERROR;
				GCC_WARN_UNDECLARED_SELECTOR = YES;
				GCC_WARN_UNINITIALIZED_AUTOS = YES_AGGRESSIVE;
				GCC_WARN_UNUSED_FUNCTION = YES;
				GCC_WARN_UNUSED_VARIABLE = YES;
				LOCALIZATION_PREFERS_STRING_CATALOGS = YES;
				MACOSX_DEPLOYMENT_TARGET = 15.2;
				MTL_ENABLE_DEBUG_INFO = NO;
				MTL_FAST_MATH = YES;
				SDKROOT = macosx;
				SWIFT_COMPILATION_MODE = wholemodule;
			};
			name = Release;
		};
		C801CA472D7581D100403DBD /* Debug */ = {
			isa = XCBuildConfiguration;
			buildSettings = {
				ASSETCATALOG_COMPILER_APPICON_NAME = AppIcon;
				ASSETCATALOG_COMPILER_GLOBAL_ACCENT_COLOR_NAME = AccentColor;
				CODE_SIGN_ENTITLEMENTS = LIght/LIght.entitlements;
				CODE_SIGN_STYLE = Automatic;
				COMBINE_HIDPI_IMAGES = YES;
				CURRENT_PROJECT_VERSION = 1;
				DEVELOPMENT_ASSET_PATHS = "\"LIght/Preview Content\"";
				ENABLE_PREVIEWS = YES;
				GENERATE_INFOPLIST_FILE = YES;
				INFOPLIST_KEY_NSHumanReadableCopyright = "";
				LD_RUNPATH_SEARCH_PATHS = (
					"$(inherited)",
					"@executable_path/../Frameworks",
				);
				MARKETING_VERSION = 1.0;
				PRODUCT_BUNDLE_IDENTIFIER = Dash.LIght;
				PRODUCT_NAME = "$(TARGET_NAME)";
				SWIFT_EMIT_LOC_STRINGS = YES;
				SWIFT_VERSION = 5.0;
			};
			name = Debug;
		};
		C801CA482D7581D100403DBD /* Release */ = {
			isa = XCBuildConfiguration;
			buildSettings = {
				ASSETCATALOG_COMPILER_APPICON_NAME = AppIcon;
				ASSETCATALOG_COMPILER_GLOBAL_ACCENT_COLOR_NAME = AccentColor;
				CODE_SIGN_ENTITLEMENTS = LIght/LIght.entitlements;
				CODE_SIGN_STYLE = Automatic;
				COMBINE_HIDPI_IMAGES = YES;
				CURRENT_PROJECT_VERSION = 1;
				DEVELOPMENT_ASSET_PATHS = "\"LIght/Preview Content\"";
				ENABLE_PREVIEWS = YES;
				GENERATE_INFOPLIST_FILE = YES;
				INFOPLIST_KEY_NSHumanReadableCopyright = "";
				LD_RUNPATH_SEARCH_PATHS = (
					"$(inherited)",
					"@executable_path/../Frameworks",
				);
				MARKETING_VERSION = 1.0;
				PRODUCT_BUNDLE_IDENTIFIER = Dash.LIght;
				PRODUCT_NAME = "$(TARGET_NAME)";
				SWIFT_EMIT_LOC_STRINGS = YES;
				SWIFT_VERSION = 5.0;
			};
			name = Release;
		};
		C801CA4A2D7581D100403DBD /* Debug */ = {
			isa = XCBuildConfiguration;
			buildSettings = {
				BUNDLE_LOADER = "$(TEST_HOST)";
				CODE_SIGN_STYLE = Automatic;
				CURRENT_PROJECT_VERSION = 1;
				GENERATE_INFOPLIST_FILE = YES;
				MACOSX_DEPLOYMENT_TARGET = 15.2;
				MARKETING_VERSION = 1.0;
				PRODUCT_BUNDLE_IDENTIFIER = Dash.LIghtTests;
				PRODUCT_NAME = "$(TARGET_NAME)";
				SWIFT_EMIT_LOC_STRINGS = NO;
				SWIFT_VERSION = 5.0;
				TEST_HOST = "$(BUILT_PRODUCTS_DIR)/LIght.app/$(BUNDLE_EXECUTABLE_FOLDER_PATH)/LIght";
			};
			name = Debug;
		};
		C801CA4B2D7581D100403DBD /* Release */ = {
			isa = XCBuildConfiguration;
			buildSettings = {
				BUNDLE_LOADER = "$(TEST_HOST)";
				CODE_SIGN_STYLE = Automatic;
				CURRENT_PROJECT_VERSION = 1;
				GENERATE_INFOPLIST_FILE = YES;
				MACOSX_DEPLOYMENT_TARGET = 15.2;
				MARKETING_VERSION = 1.0;
				PRODUCT_BUNDLE_IDENTIFIER = Dash.LIghtTests;
				PRODUCT_NAME = "$(TARGET_NAME)";
				SWIFT_EMIT_LOC_STRINGS = NO;
				SWIFT_VERSION = 5.0;
				TEST_HOST = "$(BUILT_PRODUCTS_DIR)/LIght.app/$(BUNDLE_EXECUTABLE_FOLDER_PATH)/LIght";
			};
			name = Release;
		};
		C801CA4D2D7581D100403DBD /* Debug */ = {
			isa = XCBuildConfiguration;
			buildSettings = {
				CODE_SIGN_STYLE = Automatic;
				CURRENT_PROJECT_VERSION = 1;
				GENERATE_INFOPLIST_FILE = YES;
				MARKETING_VERSION = 1.0;
				PRODUCT_BUNDLE_IDENTIFIER = Dash.LIghtUITests;
				PRODUCT_NAME = "$(TARGET_NAME)";
				SWIFT_EMIT_LOC_STRINGS = NO;
				SWIFT_VERSION = 5.0;
				TEST_TARGET_NAME = LIght;
			};
			name = Debug;
		};
		C801CA4E2D7581D100403DBD /* Release */ = {
			isa = XCBuildConfiguration;
			buildSettings = {
				CODE_SIGN_STYLE = Automatic;
				CURRENT_PROJECT_VERSION = 1;
				GENERATE_INFOPLIST_FILE = YES;
				MARKETING_VERSION = 1.0;
				PRODUCT_BUNDLE_IDENTIFIER = Dash.LIghtUITests;
				PRODUCT_NAME = "$(TARGET_NAME)";
				SWIFT_EMIT_LOC_STRINGS = NO;
				SWIFT_VERSION = 5.0;
				TEST_TARGET_NAME = LIght;
			};
			name = Release;
		};
/* End XCBuildConfiguration section */

/* Begin XCConfigurationList section */
		C801CA1C2D7581D000403DBD /* Build configuration list for PBXProject "LIght" */ = {
			isa = XCConfigurationList;
			buildConfigurations = (
				C801CA442D7581D100403DBD /* Debug */,
				C801CA452D7581D100403DBD /* Release */,
			);
			defaultConfigurationIsVisible = 0;
			defaultConfigurationName = Release;
		};
		C801CA462D7581D100403DBD /* Build configuration list for PBXNativeTarget "LIght" */ = {
			isa = XCConfigurationList;
			buildConfigurations = (
				C801CA472D7581D100403DBD /* Debug */,
				C801CA482D7581D100403DBD /* Release */,
			);
			defaultConfigurationIsVisible = 0;
			defaultConfigurationName = Release;
		};
		C801CA492D7581D100403DBD /* Build configuration list for PBXNativeTarget "LIghtTests" */ = {
			isa = XCConfigurationList;
			buildConfigurations = (
				C801CA4A2D7581D100403DBD /* Debug */,
				C801CA4B2D7581D100403DBD /* Release */,
			);
			defaultConfigurationIsVisible = 0;
			defaultConfigurationName = Release;
		};
		C801CA4C2D7581D100403DBD /* Build configuration list for PBXNativeTarget "LIghtUITests" */ = {
			isa = XCConfigurationList;
			buildConfigurations = (
				C801CA4D2D7581D100403DBD /* Debug */,
				C801CA4E2D7581D100403DBD /* Release */,
			);
			defaultConfigurationIsVisible = 0;
			defaultConfigurationName = Release;
		};
/* End XCConfigurationList section */
	};
	rootObject = C801CA192D7581D000403DBD /* Project object */;
}
